
Microsoft Visual Studio Solution File, Format Version 12.00
# Visual Studio Version 17
VisualStudioVersion = 17.3.32929.385
MinimumVisualStudioVersion = 10.0.40219.1
Project("{2150E333-8FDC-42A3-9474-1A3956D46DE8}") = "Microservices", "Microservices", "{E50329FF-8E85-4166-BA59-18B03A881DAC}"
EndProject
Project("{2150E333-8FDC-42A3-9474-1A3956D46DE8}") = "TransactionHistory", "TransactionHistory", "{8EF10D24-6C35-4C34-8B92-35970C0D4D86}"
EndProject
Project("{9A19103F-16F7-4668-BE54-9A1E7A4F7556}") = "TransactionHistory.API", "Microservices\TransactionHistory\TransactionHistory.API\TransactionHistory.API.csproj", "{0E456F4F-2FB6-464E-A7D4-9CEDE33EC349}"
EndProject
Project("{E53339B2-1760-4266-BCC7-CA923CBCF16C}") = "docker-compose", "docker-compose.dcproj", "{725FCD36-B251-4F76-9274-3CD57D37C17A}"
EndProject
Project("{2150E333-8FDC-42A3-9474-1A3956D46DE8}") = "IdentityServer", "IdentityServer", "{EF7ADE16-B5B1-4B2F-A7E2-B8813CB094EC}"
EndProject
Project("{9A19103F-16F7-4668-BE54-9A1E7A4F7556}") = "IdentityServer", "IdentityServer\IdentityServer.csproj", "{C2DE5C06-2CF4-4DD1-99FF-6E166441B3C5}"
EndProject
Project("{2150E333-8FDC-42A3-9474-1A3956D46DE8}") = "Payment", "Payment", "{1AB74E25-59BA-402E-A27E-B7FC29129F8E}"
EndProject
Project("{9A19103F-16F7-4668-BE54-9A1E7A4F7556}") = "Payment.API", "Microservices\Payment\Payment.API\Payment.API.csproj", "{283A6658-4797-4E73-A37C-A90A369F25BE}"
EndProject
Project("{2150E333-8FDC-42A3-9474-1A3956D46DE8}") = "Gateway", "Gateway", "{04940B3F-4503-49EB-BA48-C38771CAFD9D}"
EndProject
Project("{FAE04EC0-301F-11D3-BF4B-00C04F79EFBC}") = "API.Gateway", "Gateway\API.Gateway\API.Gateway.csproj", "{3F00824D-CC50-4EA1-B6CC-2E86B1BE0FBB}"
EndProject
Global
	GlobalSection(SolutionConfigurationPlatforms) = preSolution
		Debug|Any CPU = Debug|Any CPU
		Release|Any CPU = Release|Any CPU
	EndGlobalSection
	GlobalSection(ProjectConfigurationPlatforms) = postSolution
		{0E456F4F-2FB6-464E-A7D4-9CEDE33EC349}.Debug|Any CPU.ActiveCfg = Debug|Any CPU
		{0E456F4F-2FB6-464E-A7D4-9CEDE33EC349}.Debug|Any CPU.Build.0 = Debug|Any CPU
		{0E456F4F-2FB6-464E-A7D4-9CEDE33EC349}.Release|Any CPU.ActiveCfg = Release|Any CPU
		{0E456F4F-2FB6-464E-A7D4-9CEDE33EC349}.Release|Any CPU.Build.0 = Release|Any CPU
		{725FCD36-B251-4F76-9274-3CD57D37C17A}.Debug|Any CPU.ActiveCfg = Debug|Any CPU
		{725FCD36-B251-4F76-9274-3CD57D37C17A}.Debug|Any CPU.Build.0 = Debug|Any CPU
		{725FCD36-B251-4F76-9274-3CD57D37C17A}.Release|Any CPU.ActiveCfg = Release|Any CPU
		{725FCD36-B251-4F76-9274-3CD57D37C17A}.Release|Any CPU.Build.0 = Release|Any CPU
		{C2DE5C06-2CF4-4DD1-99FF-6E166441B3C5}.Debug|Any CPU.ActiveCfg = Debug|Any CPU
		{C2DE5C06-2CF4-4DD1-99FF-6E166441B3C5}.Debug|Any CPU.Build.0 = Debug|Any CPU
		{C2DE5C06-2CF4-4DD1-99FF-6E166441B3C5}.Release|Any CPU.ActiveCfg = Release|Any CPU
		{C2DE5C06-2CF4-4DD1-99FF-6E166441B3C5}.Release|Any CPU.Build.0 = Release|Any CPU
		{283A6658-4797-4E73-A37C-A90A369F25BE}.Debug|Any CPU.ActiveCfg = Debug|Any CPU
		{283A6658-4797-4E73-A37C-A90A369F25BE}.Debug|Any CPU.Build.0 = Debug|Any CPU
		{283A6658-4797-4E73-A37C-A90A369F25BE}.Release|Any CPU.ActiveCfg = Release|Any CPU
		{283A6658-4797-4E73-A37C-A90A369F25BE}.Release|Any CPU.Build.0 = Release|Any CPU
		{3F00824D-CC50-4EA1-B6CC-2E86B1BE0FBB}.Debug|Any CPU.ActiveCfg = Debug|Any CPU
		{3F00824D-CC50-4EA1-B6CC-2E86B1BE0FBB}.Debug|Any CPU.Build.0 = Debug|Any CPU
		{3F00824D-CC50-4EA1-B6CC-2E86B1BE0FBB}.Release|Any CPU.ActiveCfg = Release|Any CPU
		{3F00824D-CC50-4EA1-B6CC-2E86B1BE0FBB}.Release|Any CPU.Build.0 = Release|Any CPU
	EndGlobalSection
	GlobalSection(SolutionProperties) = preSolution
		HideSolutionNode = FALSE
	EndGlobalSection
	GlobalSection(NestedProjects) = preSolution
		{8EF10D24-6C35-4C34-8B92-35970C0D4D86} = {E50329FF-8E85-4166-BA59-18B03A881DAC}
		{0E456F4F-2FB6-464E-A7D4-9CEDE33EC349} = {8EF10D24-6C35-4C34-8B92-35970C0D4D86}
		{C2DE5C06-2CF4-4DD1-99FF-6E166441B3C5} = {EF7ADE16-B5B1-4B2F-A7E2-B8813CB094EC}
		{1AB74E25-59BA-402E-A27E-B7FC29129F8E} = {E50329FF-8E85-4166-BA59-18B03A881DAC}
		{283A6658-4797-4E73-A37C-A90A369F25BE} = {1AB74E25-59BA-402E-A27E-B7FC29129F8E}
		{3F00824D-CC50-4EA1-B6CC-2E86B1BE0FBB} = {04940B3F-4503-49EB-BA48-C38771CAFD9D}
	EndGlobalSection
	GlobalSection(ExtensibilityGlobals) = postSolution
		SolutionGuid = {137155A5-C25E-44B4-96FE-04CE20227692}
	EndGlobalSection
EndGlobal
